// !$*UTF8*$!
{
	archiveVersion = 1;
	classes = {
	};
	objectVersion = 45;
	objects = {

/* Begin PBXBuildFile section */
		1D3623260D0F684500981E51 /* NavTabAppDelegate.m in Sources */ = {isa = PBXBuildFile; fileRef = 1D3623250D0F684500981E51 /* NavTabAppDelegate.m */; };
		1D60589B0D05DD56006BFB54 /* main.m in Sources */ = {isa = PBXBuildFile; fileRef = 29B97316FDCFA39411CA2CEA /* main.m */; };
		1D60589F0D05DD5A006BFB54 /* Foundation.framework in Frameworks */ = {isa = PBXBuildFile; fileRef = 1D30AB110D05D00D00671497 /* Foundation.framework */; };
		1DF5F4E00D08C38300B7A737 /* UIKit.framework in Frameworks */ = {isa = PBXBuildFile; fileRef = 1DF5F4DF0D08C38300B7A737 /* UIKit.framework */; };
		2892E4100DC94CBA00A64D0F /* CoreGraphics.framework in Frameworks */ = {isa = PBXBuildFile; fileRef = 2892E40F0DC94CBA00A64D0F /* CoreGraphics.framework */; };
		2899E5600DE3E45000AC0155 /* RootViewController.xib in Resources */ = {isa = PBXBuildFile; fileRef = 2899E55F0DE3E45000AC0155 /* RootViewController.xib */; };
		28AD73600D9D9599002E5188 /* MainWindow.xib in Resources */ = {isa = PBXBuildFile; fileRef = 28AD735F0D9D9599002E5188 /* MainWindow.xib */; };
		28C286E10D94DF7D0034E888 /* RootViewController.m in Sources */ = {isa = PBXBuildFile; fileRef = 28C286E00D94DF7D0034E888 /* RootViewController.m */; };
		4F03B2951401315600FEC9D4 /* DBHandler.m in Sources */ = {isa = PBXBuildFile; fileRef = 4F03B2941401315600FEC9D4 /* DBHandler.m */; };
		4F03B2C61401D05100FEC9D4 /* ChatViewController.m in Sources */ = {isa = PBXBuildFile; fileRef = 4F03B2C51401D05100FEC9D4 /* ChatViewController.m */; };
		4F03B2C81401D0F700FEC9D4 /* CoreData.framework in Frameworks */ = {isa = PBXBuildFile; fileRef = 4F03B2C71401D0F600FEC9D4 /* CoreData.framework */; };
		4F03B2CF1401D34100FEC9D4 /* ContactTableViewCell.m in Sources */ = {isa = PBXBuildFile; fileRef = 4F03B2CB1401D34100FEC9D4 /* ContactTableViewCell.m */; };
		4F03B2D01401D34100FEC9D4 /* ContactTableViewCell.xib in Resources */ = {isa = PBXBuildFile; fileRef = 4F03B2CC1401D34100FEC9D4 /* ContactTableViewCell.xib */; };
		4F03B2D11401D34100FEC9D4 /* MessageTableViewCell.m in Sources */ = {isa = PBXBuildFile; fileRef = 4F03B2CE1401D34100FEC9D4 /* MessageTableViewCell.m */; };
		4F03B2D51401D44700FEC9D4 /* Message.m in Sources */ = {isa = PBXBuildFile; fileRef = 4F03B2D41401D44700FEC9D4 /* Message.m */; };
		4F03B2D91401D4C000FEC9D4 /* ChatMeUser.m in Sources */ = {isa = PBXBuildFile; fileRef = 4F03B2D81401D4C000FEC9D4 /* ChatMeUser.m */; };
		4F03B2DC1401D4DC00FEC9D4 /* Invitation.m in Sources */ = {isa = PBXBuildFile; fileRef = 4F03B2DB1401D4DC00FEC9D4 /* Invitation.m */; };
		4F03B2EE1402917500FEC9D4 /* SBJSON.m in Sources */ = {isa = PBXBuildFile; fileRef = 4F03B2E71402917500FEC9D4 /* SBJSON.m */; };
		4F03B2EF1402917500FEC9D4 /* SBJsonBase.m in Sources */ = {isa = PBXBuildFile; fileRef = 4F03B2E91402917500FEC9D4 /* SBJsonBase.m */; };
		4F03B2F01402917500FEC9D4 /* SBJsonParser.m in Sources */ = {isa = PBXBuildFile; fileRef = 4F03B2EB1402917500FEC9D4 /* SBJsonParser.m */; };
		4F03B2F11402917500FEC9D4 /* SBJsonWriter.m in Sources */ = {isa = PBXBuildFile; fileRef = 4F03B2ED1402917500FEC9D4 /* SBJsonWriter.m */; };
		4F03B2F61402917F00FEC9D4 /* NSObject+SBJSON.m in Sources */ = {isa = PBXBuildFile; fileRef = 4F03B2F31402917F00FEC9D4 /* NSObject+SBJSON.m */; };
		4F03B2F71402917F00FEC9D4 /* NSString+SBJSON.m in Sources */ = {isa = PBXBuildFile; fileRef = 4F03B2F51402917F00FEC9D4 /* NSString+SBJSON.m */; };
		4F08E1E514346AB8008DACEE /* SectionHeaderView.m in Sources */ = {isa = PBXBuildFile; fileRef = 4F08E1E414346AB7008DACEE /* SectionHeaderView.m */; };
		4F08E1E81434C7DA008DACEE /* SectionInfo.m in Sources */ = {isa = PBXBuildFile; fileRef = 4F08E1E71434C7D9008DACEE /* SectionInfo.m */; };
		4F08E1EB1434D1BB008DACEE /* Play.m in Sources */ = {isa = PBXBuildFile; fileRef = 4F08E1EA1434D1BB008DACEE /* Play.m */; };
		4F08E1ED14353CC4008DACEE /* QuartzCore.framework in Frameworks */ = {isa = PBXBuildFile; fileRef = 4F08E1EC14353CC4008DACEE /* QuartzCore.framework */; };
		4F08E1F0143542FC008DACEE /* Quotation.m in Sources */ = {isa = PBXBuildFile; fileRef = 4F08E1EF143542FA008DACEE /* Quotation.m */; };
		4F1BC6A21464FFDF004F02C1 /* VocViewController.m in Sources */ = {isa = PBXBuildFile; fileRef = 4F1BC6A11464FFDF004F02C1 /* VocViewController.m */; };
		4F1BC6B814658122004F02C1 /* VocoderViewController.xib in Resources */ = {isa = PBXBuildFile; fileRef = 4F1BC6B714658122004F02C1 /* VocoderViewController.xib */; };
		4F1BC6CC14658806004F02C1 /* VocViewController.xib in Resources */ = {isa = PBXBuildFile; fileRef = 4F1BC6CB14658806004F02C1 /* VocViewController.xib */; };
		4F1BC6D614682449004F02C1 /* user.png in Resources */ = {isa = PBXBuildFile; fileRef = 4F1BC6D514682449004F02C1 /* user.png */; };
		4F2045DF1417B3EF0002AC6A /* bgTextBubbleLC20TC20.png in Resources */ = {isa = PBXBuildFile; fileRef = 4F2045DE1417B3EF0002AC6A /* bgTextBubbleLC20TC20.png */; };
		4F2045F31417C0540002AC6A /* ChatViewController.xib in Resources */ = {isa = PBXBuildFile; fileRef = 4F2045F21417C0540002AC6A /* ChatViewController.xib */; };
		4F2045F71417C7100002AC6A /* Contact.m in Sources */ = {isa = PBXBuildFile; fileRef = 4F2045F61417C7100002AC6A /* Contact.m */; };
		4F2045FA1417D2360002AC6A /* chatmodel.xcdatamodeld in Sources */ = {isa = PBXBuildFile; fileRef = 4F2045F81417D2360002AC6A /* chatmodel.xcdatamodeld */; };
		4F238A811469AEBA0047EE1B /* arrow-right.png in Resources */ = {isa = PBXBuildFile; fileRef = 4F238A801469AEBA0047EE1B /* arrow-right.png */; };
		4F238A84146AC80C0047EE1B /* Dialog.xcdatamodeld in Sources */ = {isa = PBXBuildFile; fileRef = 4F238A82146AC80C0047EE1B /* Dialog.xcdatamodeld */; };
		4F38BB1A145B80F300671269 /* userWaldo.png in Resources */ = {isa = PBXBuildFile; fileRef = 4F38BB19145B80F300671269 /* userWaldo.png */; };
		4F5E380013FC93130025B24A /* ChatBubbleView.m in Sources */ = {isa = PBXBuildFile; fileRef = 4F5E37FF13FC93130025B24A /* ChatBubbleView.m */; };
		4F5E385313FC98080025B24A /* Icon.png in Resources */ = {isa = PBXBuildFile; fileRef = 4F5E385213FC98080025B24A /* Icon.png */; };
		4F6898FC14696275007927E3 /* AVFoundation.framework in Frameworks */ = {isa = PBXBuildFile; fileRef = 4F6898FB14696275007927E3 /* AVFoundation.framework */; };
		4F724C8D13F6D91700A6F871 /* phone.png in Resources */ = {isa = PBXBuildFile; fileRef = 4F724C8C13F6D91700A6F871 /* phone.png */; };
		4F724C8F13F6D93800A6F871 /* 123.wav in Resources */ = {isa = PBXBuildFile; fileRef = 4F724C8E13F6D93800A6F871 /* 123.wav */; };
		4F724CA713F7619300A6F871 /* bottomRow.png in Resources */ = {isa = PBXBuildFile; fileRef = 4F724C9A13F7619300A6F871 /* bottomRow.png */; };
		4F724CA813F7619300A6F871 /* bottomRowSelected.png in Resources */ = {isa = PBXBuildFile; fileRef = 4F724C9B13F7619300A6F871 /* bottomRowSelected.png */; };
		4F724CA913F7619300A6F871 /* gradientBackground.png in Resources */ = {isa = PBXBuildFile; fileRef = 4F724C9C13F7619300A6F871 /* gradientBackground.png */; };
		4F724CAA13F7619300A6F871 /* imageA.png in Resources */ = {isa = PBXBuildFile; fileRef = 4F724C9D13F7619300A6F871 /* imageA.png */; };
		4F724CAB13F7619300A6F871 /* imageB.png in Resources */ = {isa = PBXBuildFile; fileRef = 4F724C9E13F7619300A6F871 /* imageB.png */; };
		4F724CAC13F7619300A6F871 /* imageC.png in Resources */ = {isa = PBXBuildFile; fileRef = 4F724C9F13F7619300A6F871 /* imageC.png */; };
		4F724CAE13F7619300A6F871 /* middleRow.png in Resources */ = {isa = PBXBuildFile; fileRef = 4F724CA113F7619300A6F871 /* middleRow.png */; };
		4F724CAF13F7619300A6F871 /* middleRowSelected.png in Resources */ = {isa = PBXBuildFile; fileRef = 4F724CA213F7619300A6F871 /* middleRowSelected.png */; };
		4F724CB013F7619300A6F871 /* topAndBottomRow.png in Resources */ = {isa = PBXBuildFile; fileRef = 4F724CA313F7619300A6F871 /* topAndBottomRow.png */; };
		4F724CB113F7619300A6F871 /* topAndBottomRowSelected.png in Resources */ = {isa = PBXBuildFile; fileRef = 4F724CA413F7619300A6F871 /* topAndBottomRowSelected.png */; };
		4F724CB213F7619300A6F871 /* topRow.png in Resources */ = {isa = PBXBuildFile; fileRef = 4F724CA513F7619300A6F871 /* topRow.png */; };
		4F724CB313F7619300A6F871 /* topRowSelected.png in Resources */ = {isa = PBXBuildFile; fileRef = 4F724CA613F7619300A6F871 /* topRowSelected.png */; };
		4F724CB513F76E5200A6F871 /* indicator.png in Resources */ = {isa = PBXBuildFile; fileRef = 4F724CB413F76E5200A6F871 /* indicator.png */; };
		4F724CB713F774C500A6F871 /* AddressBookUI.framework in Frameworks */ = {isa = PBXBuildFile; fileRef = 4F724CB613F774C400A6F871 /* AddressBookUI.framework */; };
		4F74C55914231D9400B97CC3 /* Reachability.m in Sources */ = {isa = PBXBuildFile; fileRef = 4F74C55814231D9400B97CC3 /* Reachability.m */; };
		4F74C55B1423973900B97CC3 /* SystemConfiguration.framework in Frameworks */ = {isa = PBXBuildFile; fileRef = 4F74C55A1423973900B97CC3 /* SystemConfiguration.framework */; };
		4F76F5FB145EFB90003E944B /* AddUserViewController.m in Sources */ = {isa = PBXBuildFile; fileRef = 4F76F5F9145EFB90003E944B /* AddUserViewController.m */; };
		4F76F5FC145EFB90003E944B /* AddUserViewController.xib in Resources */ = {isa = PBXBuildFile; fileRef = 4F76F5FA145EFB90003E944B /* AddUserViewController.xib */; };
		4F76F61A145F073F003E944B /* MenuViewController.m in Sources */ = {isa = PBXBuildFile; fileRef = 4F76F618145F073E003E944B /* MenuViewController.m */; };
		4F76F61B145F073F003E944B /* MenuViewController.xib in Resources */ = {isa = PBXBuildFile; fileRef = 4F76F619145F073F003E944B /* MenuViewController.xib */; };
		4F76F64014619FE8003E944B /* media-seek-backward-3.png in Resources */ = {isa = PBXBuildFile; fileRef = 4F76F63A14619FE8003E944B /* media-seek-backward-3.png */; };
		4F76F64114619FE8003E944B /* media-skip-forward-10.png in Resources */ = {isa = PBXBuildFile; fileRef = 4F76F63B14619FE8003E944B /* media-skip-forward-10.png */; };
		4F76F64214619FE8003E944B /* project-open-3.png in Resources */ = {isa = PBXBuildFile; fileRef = 4F76F63C14619FE8003E944B /* project-open-3.png */; };
		4F76F64314619FE8003E944B /* quickopen-file.png in Resources */ = {isa = PBXBuildFile; fileRef = 4F76F63D14619FE8003E944B /* quickopen-file.png */; };
		4F76F64414619FE8003E944B /* run-build-3.png in Resources */ = {isa = PBXBuildFile; fileRef = 4F76F63E14619FE8003E944B /* run-build-3.png */; };
		4F76F64514619FE8003E944B /* user-new-2.png in Resources */ = {isa = PBXBuildFile; fileRef = 4F76F63F14619FE8003E944B /* user-new-2.png */; };
		4F76F6471461A0EB003E944B /* view-media-artist.png in Resources */ = {isa = PBXBuildFile; fileRef = 4F76F6461461A0EB003E944B /* view-media-artist.png */; };
		4F76F652146354C7003E944B /* carat-open.png in Resources */ = {isa = PBXBuildFile; fileRef = 4F76F650146354C6003E944B /* carat-open.png */; };
		4F76F653146354C7003E944B /* carat.png in Resources */ = {isa = PBXBuildFile; fileRef = 4F76F651146354C6003E944B /* carat.png */; };
		4F9BAFBE13EB740C004179FC /* AddressBook.framework in Frameworks */ = {isa = PBXBuildFile; fileRef = 4F9BAFBD13EB740C004179FC /* AddressBook.framework */; };
		4F9BB0BC13F2E932004179FC /* 111.caf in Resources */ = {isa = PBXBuildFile; fileRef = 4F9BB0BB13F2E931004179FC /* 111.caf */; };
		4F9BB0C013F2E9BE004179FC /* mysoundcompressed.caf in Resources */ = {isa = PBXBuildFile; fileRef = 4F9BB0BF13F2E9BE004179FC /* mysoundcompressed.caf */; };
		4F9BB0CB13F2EA73004179FC /* AudioToolbox.framework in Frameworks */ = {isa = PBXBuildFile; fileRef = 4F9BB0CA13F2EA73004179FC /* AudioToolbox.framework */; };
		4FA83DCD140C685100B63437 /* btnSend.png in Resources */ = {isa = PBXBuildFile; fileRef = 4FA83DCC140C685100B63437 /* btnSend.png */; };
		4FE62B2C146C31DE00B46F7C /* libRestKitCoreData.a in Frameworks */ = {isa = PBXBuildFile; fileRef = 4FE62B2B146C31DE00B46F7C /* libRestKitCoreData.a */; };
		4FE62B31146C31F500B46F7C /* libRestKitJSONParserYAJL.a in Frameworks */ = {isa = PBXBuildFile; fileRef = 4FE62B2D146C31F500B46F7C /* libRestKitJSONParserYAJL.a */; };
		4FE62B32146C31F500B46F7C /* libRestKitNetwork.a in Frameworks */ = {isa = PBXBuildFile; fileRef = 4FE62B2E146C31F500B46F7C /* libRestKitNetwork.a */; };
		4FE62B33146C31F500B46F7C /* libRestKitObjectMapping.a in Frameworks */ = {isa = PBXBuildFile; fileRef = 4FE62B2F146C31F500B46F7C /* libRestKitObjectMapping.a */; };
		4FE62B34146C31F500B46F7C /* libRestKitSupport.a in Frameworks */ = {isa = PBXBuildFile; fileRef = 4FE62B30146C31F500B46F7C /* libRestKitSupport.a */; };
		4FE62B36146C31FF00B46F7C /* CFNetwork.framework in Frameworks */ = {isa = PBXBuildFile; fileRef = 4FE62B35146C31FF00B46F7C /* CFNetwork.framework */; };
		4FE62B3A146C322900B46F7C /* MobileCoreServices.framework in Frameworks */ = {isa = PBXBuildFile; fileRef = 4FE62B39146C322900B46F7C /* MobileCoreServices.framework */; };
		7E449FFF1402B4D500B5A7DC /* Util.m in Sources */ = {isa = PBXBuildFile; fileRef = 7E449FFE1402B4D500B5A7DC /* Util.m */; };
		7E44A0011402B5D400B5A7DC /* Lion.aif in Resources */ = {isa = PBXBuildFile; fileRef = 7E44A0001402B5D400B5A7DC /* Lion.aif */; };
		7E44A0491402BE4700B5A7DC /* dovocode.m in Sources */ = {isa = PBXBuildFile; fileRef = 7E44A0481402BE4700B5A7DC /* dovocode.m */; };
		7E44A0531402C27300B5A7DC /* vocode.m in Sources */ = {isa = PBXBuildFile; fileRef = 7E44A0521402C27300B5A7DC /* vocode.m */; };
		7E68D6F91456388100DB3684 /* conv.c in Sources */ = {isa = PBXBuildFile; fileRef = 7E68D6F71456388000DB3684 /* conv.c */; };
		7EEF89B71402695D005D93F7 /* aiff.c in Sources */ = {isa = PBXBuildFile; fileRef = 7EEF89A21402695D005D93F7 /* aiff.c */; };
		7EEF89B81402695D005D93F7 /* AudioRecorder.m in Sources */ = {isa = PBXBuildFile; fileRef = 7EEF89A51402695D005D93F7 /* AudioRecorder.m */; };
		7EEF89BA1402695D005D93F7 /* error.c in Sources */ = {isa = PBXBuildFile; fileRef = 7EEF89A91402695D005D93F7 /* error.c */; };
		7EEF89BB1402695D005D93F7 /* extended.c in Sources */ = {isa = PBXBuildFile; fileRef = 7EEF89AB1402695D005D93F7 /* extended.c */; };
		7EEF89BC1402695D005D93F7 /* fftaux.c in Sources */ = {isa = PBXBuildFile; fileRef = 7EEF89AE1402695D005D93F7 /* fftaux.c */; };
		7EEF89BD1402695D005D93F7 /* fftn.c in Sources */ = {isa = PBXBuildFile; fileRef = 7EEF89AF1402695D005D93F7 /* fftn.c */; };
		7EEF89BE1402695D005D93F7 /* riff.c in Sources */ = {isa = PBXBuildFile; fileRef = 7EEF89B01402695D005D93F7 /* riff.c */; };
		7EEF89C01402695D005D93F7 /* wave.c in Sources */ = {isa = PBXBuildFile; fileRef = 7EEF89B51402695D005D93F7 /* wave.c */; };
		E11501A50F8AB60C00E492FD /* MoreOptionViewController.m in Sources */ = {isa = PBXBuildFile; fileRef = E11501A40F8AB60C00E492FD /* MoreOptionViewController.m */; };
		E11501A70F8AB6C600E492FD /* MoreOptionView.xib in Resources */ = {isa = PBXBuildFile; fileRef = E11501A60F8AB6C600E492FD /* MoreOptionView.xib */; };
		E124FF800F82CC6B008BC374 /* UICustomTabViewController.m in Sources */ = {isa = PBXBuildFile; fileRef = E124FF7F0F82CC6B008BC374 /* UICustomTabViewController.m */; };
		E124FF820F82CD8F008BC374 /* TabViewController.xib in Resources */ = {isa = PBXBuildFile; fileRef = E124FF810F82CD8F008BC374 /* TabViewController.xib */; };
		E176A1290F88116D00EEE756 /* FavoritesTabViewController.m in Sources */ = {isa = PBXBuildFile; fileRef = E176A1280F88116D00EEE756 /* FavoritesTabViewController.m */; };
		E176A12C0F8811A200EEE756 /* FavoritesTabView.xib in Resources */ = {isa = PBXBuildFile; fileRef = E176A12B0F8811A200EEE756 /* FavoritesTabView.xib */; };
		E176A2260F893F7D00EEE756 /* MoreTabView.xib in Resources */ = {isa = PBXBuildFile; fileRef = E176A2250F893F7C00EEE756 /* MoreTabView.xib */; };
		E176A2290F893FC200EEE756 /* MoreTabViewController.m in Sources */ = {isa = PBXBuildFile; fileRef = E176A2280F893FC200EEE756 /* MoreTabViewController.m */; };
/* End PBXBuildFile section */

/* Begin PBXFileReference section */
		1D30AB110D05D00D00671497 /* Foundation.framework */ = {isa = PBXFileReference; lastKnownFileType = wrapper.framework; name = Foundation.framework; path = System/Library/Frameworks/Foundation.framework; sourceTree = SDKROOT; };
		1D3623240D0F684500981E51 /* NavTabAppDelegate.h */ = {isa = PBXFileReference; fileEncoding = 4; lastKnownFileType = sourcecode.c.h; path = NavTabAppDelegate.h; sourceTree = "<group>"; };
		1D3623250D0F684500981E51 /* NavTabAppDelegate.m */ = {isa = PBXFileReference; fileEncoding = 4; lastKnownFileType = sourcecode.c.objc; path = NavTabAppDelegate.m; sourceTree = "<group>"; };
		1D6058910D05DD3D006BFB54 /* NavTab.app */ = {isa = PBXFileReference; explicitFileType = wrapper.application; includeInIndex = 0; path = NavTab.app; sourceTree = BUILT_PRODUCTS_DIR; };
		1DF5F4DF0D08C38300B7A737 /* UIKit.framework */ = {isa = PBXFileReference; lastKnownFileType = wrapper.framework; name = UIKit.framework; path = System/Library/Frameworks/UIKit.framework; sourceTree = SDKROOT; };
		2892E40F0DC94CBA00A64D0F /* CoreGraphics.framework */ = {isa = PBXFileReference; lastKnownFileType = wrapper.framework; name = CoreGraphics.framework; path = System/Library/Frameworks/CoreGraphics.framework; sourceTree = SDKROOT; };
		2899E55F0DE3E45000AC0155 /* RootViewController.xib */ = {isa = PBXFileReference; lastKnownFileType = file.xib; path = RootViewController.xib; sourceTree = "<group>"; };
		28A0AAE50D9B0CCF005BE974 /* NavTab_Prefix.pch */ = {isa = PBXFileReference; fileEncoding = 4; lastKnownFileType = sourcecode.c.h; path = NavTab_Prefix.pch; sourceTree = "<group>"; };
		28AD735F0D9D9599002E5188 /* MainWindow.xib */ = {isa = PBXFileReference; lastKnownFileType = file.xib; path = MainWindow.xib; sourceTree = "<group>"; };
		28C286DF0D94DF7D0034E888 /* RootViewController.h */ = {isa = PBXFileReference; fileEncoding = 4; lastKnownFileType = sourcecode.c.h; path = RootViewController.h; sourceTree = "<group>"; };
		28C286E00D94DF7D0034E888 /* RootViewController.m */ = {isa = PBXFileReference; fileEncoding = 4; lastKnownFileType = sourcecode.c.objc; path = RootViewController.m; sourceTree = "<group>"; };
		29B97316FDCFA39411CA2CEA /* main.m */ = {isa = PBXFileReference; fileEncoding = 4; lastKnownFileType = sourcecode.c.objc; path = main.m; sourceTree = "<group>"; };
		4F03B2931401315600FEC9D4 /* DBHandler.h */ = {isa = PBXFileReference; fileEncoding = 4; lastKnownFileType = sourcecode.c.h; path = DBHandler.h; sourceTree = "<group>"; };
		4F03B2941401315600FEC9D4 /* DBHandler.m */ = {isa = PBXFileReference; fileEncoding = 4; lastKnownFileType = sourcecode.c.objc; path = DBHandler.m; sourceTree = "<group>"; };
		4F03B2C41401D05100FEC9D4 /* ChatViewController.h */ = {isa = PBXFileReference; fileEncoding = 4; lastKnownFileType = sourcecode.c.h; path = ChatViewController.h; sourceTree = "<group>"; };
		4F03B2C51401D05100FEC9D4 /* ChatViewController.m */ = {isa = PBXFileReference; fileEncoding = 4; lastKnownFileType = sourcecode.c.objc; path = ChatViewController.m; sourceTree = "<group>"; };
		4F03B2C71401D0F600FEC9D4 /* CoreData.framework */ = {isa = PBXFileReference; lastKnownFileType = wrapper.framework; name = CoreData.framework; path = Platforms/iPhoneOS.platform/Developer/SDKs/iPhoneOS4.3.sdk/System/Library/Frameworks/CoreData.framework; sourceTree = DEVELOPER_DIR; };
		4F03B2CA1401D34100FEC9D4 /* ContactTableViewCell.h */ = {isa = PBXFileReference; fileEncoding = 4; lastKnownFileType = sourcecode.c.h; path = ContactTableViewCell.h; sourceTree = "<group>"; };
		4F03B2CB1401D34100FEC9D4 /* ContactTableViewCell.m */ = {isa = PBXFileReference; fileEncoding = 4; lastKnownFileType = sourcecode.c.objc; path = ContactTableViewCell.m; sourceTree = "<group>"; };
		4F03B2CC1401D34100FEC9D4 /* ContactTableViewCell.xib */ = {isa = PBXFileReference; fileEncoding = 4; lastKnownFileType = file.xib; path = ContactTableViewCell.xib; sourceTree = "<group>"; };
		4F03B2CD1401D34100FEC9D4 /* MessageTableViewCell.h */ = {isa = PBXFileReference; fileEncoding = 4; lastKnownFileType = sourcecode.c.h; path = MessageTableViewCell.h; sourceTree = "<group>"; };
		4F03B2CE1401D34100FEC9D4 /* MessageTableViewCell.m */ = {isa = PBXFileReference; fileEncoding = 4; lastKnownFileType = sourcecode.c.objc; path = MessageTableViewCell.m; sourceTree = "<group>"; };
		4F03B2D31401D44700FEC9D4 /* Message.h */ = {isa = PBXFileReference; fileEncoding = 4; lastKnownFileType = sourcecode.c.h; path = Message.h; sourceTree = "<group>"; };
		4F03B2D41401D44700FEC9D4 /* Message.m */ = {isa = PBXFileReference; fileEncoding = 4; lastKnownFileType = sourcecode.c.objc; path = Message.m; sourceTree = "<group>"; };
		4F03B2D61401D48300FEC9D4 /* Common.h */ = {isa = PBXFileReference; fileEncoding = 4; lastKnownFileType = sourcecode.c.h; path = Common.h; sourceTree = "<group>"; };
		4F03B2D71401D4C000FEC9D4 /* ChatMeUser.h */ = {isa = PBXFileReference; fileEncoding = 4; lastKnownFileType = sourcecode.c.h; path = ChatMeUser.h; sourceTree = "<group>"; };
		4F03B2D81401D4C000FEC9D4 /* ChatMeUser.m */ = {isa = PBXFileReference; fileEncoding = 4; lastKnownFileType = sourcecode.c.objc; path = ChatMeUser.m; sourceTree = "<group>"; };
		4F03B2DA1401D4DC00FEC9D4 /* Invitation.h */ = {isa = PBXFileReference; fileEncoding = 4; lastKnownFileType = sourcecode.c.h; path = Invitation.h; sourceTree = "<group>"; };
		4F03B2DB1401D4DC00FEC9D4 /* Invitation.m */ = {isa = PBXFileReference; fileEncoding = 4; lastKnownFileType = sourcecode.c.objc; path = Invitation.m; sourceTree = "<group>"; };
		4F03B2E61402917500FEC9D4 /* SBJSON.h */ = {isa = PBXFileReference; fileEncoding = 4; lastKnownFileType = sourcecode.c.h; path = SBJSON.h; sourceTree = "<group>"; };
		4F03B2E71402917500FEC9D4 /* SBJSON.m */ = {isa = PBXFileReference; fileEncoding = 4; lastKnownFileType = sourcecode.c.objc; path = SBJSON.m; sourceTree = "<group>"; };
		4F03B2E81402917500FEC9D4 /* SBJsonBase.h */ = {isa = PBXFileReference; fileEncoding = 4; lastKnownFileType = sourcecode.c.h; path = SBJsonBase.h; sourceTree = "<group>"; };
		4F03B2E91402917500FEC9D4 /* SBJsonBase.m */ = {isa = PBXFileReference; fileEncoding = 4; lastKnownFileType = sourcecode.c.objc; path = SBJsonBase.m; sourceTree = "<group>"; };
		4F03B2EA1402917500FEC9D4 /* SBJsonParser.h */ = {isa = PBXFileReference; fileEncoding = 4; lastKnownFileType = sourcecode.c.h; path = SBJsonParser.h; sourceTree = "<group>"; };
		4F03B2EB1402917500FEC9D4 /* SBJsonParser.m */ = {isa = PBXFileReference; fileEncoding = 4; lastKnownFileType = sourcecode.c.objc; path = SBJsonParser.m; sourceTree = "<group>"; };
		4F03B2EC1402917500FEC9D4 /* SBJsonWriter.h */ = {isa = PBXFileReference; fileEncoding = 4; lastKnownFileType = sourcecode.c.h; path = SBJsonWriter.h; sourceTree = "<group>"; };
		4F03B2ED1402917500FEC9D4 /* SBJsonWriter.m */ = {isa = PBXFileReference; fileEncoding = 4; lastKnownFileType = sourcecode.c.objc; path = SBJsonWriter.m; sourceTree = "<group>"; };
		4F03B2F21402917F00FEC9D4 /* NSObject+SBJSON.h */ = {isa = PBXFileReference; fileEncoding = 4; lastKnownFileType = sourcecode.c.h; path = "NSObject+SBJSON.h"; sourceTree = "<group>"; };
		4F03B2F31402917F00FEC9D4 /* NSObject+SBJSON.m */ = {isa = PBXFileReference; fileEncoding = 4; lastKnownFileType = sourcecode.c.objc; path = "NSObject+SBJSON.m"; sourceTree = "<group>"; };
		4F03B2F41402917F00FEC9D4 /* NSString+SBJSON.h */ = {isa = PBXFileReference; fileEncoding = 4; lastKnownFileType = sourcecode.c.h; path = "NSString+SBJSON.h"; sourceTree = "<group>"; };
		4F03B2F51402917F00FEC9D4 /* NSString+SBJSON.m */ = {isa = PBXFileReference; fileEncoding = 4; lastKnownFileType = sourcecode.c.objc; path = "NSString+SBJSON.m"; sourceTree = "<group>"; };
		4F03B2F81402919D00FEC9D4 /* JSON.h */ = {isa = PBXFileReference; fileEncoding = 4; lastKnownFileType = sourcecode.c.h; path = JSON.h; sourceTree = "<group>"; };
		4F08E1E314346AB6008DACEE /* SectionHeaderView.h */ = {isa = PBXFileReference; fileEncoding = 4; lastKnownFileType = sourcecode.c.h; path = SectionHeaderView.h; sourceTree = "<group>"; };
		4F08E1E414346AB7008DACEE /* SectionHeaderView.m */ = {isa = PBXFileReference; fileEncoding = 4; lastKnownFileType = sourcecode.c.objc; path = SectionHeaderView.m; sourceTree = "<group>"; };
		4F08E1E61434C7D9008DACEE /* SectionInfo.h */ = {isa = PBXFileReference; fileEncoding = 4; lastKnownFileType = sourcecode.c.h; path = SectionInfo.h; sourceTree = "<group>"; };
		4F08E1E71434C7D9008DACEE /* SectionInfo.m */ = {isa = PBXFileReference; fileEncoding = 4; lastKnownFileType = sourcecode.c.objc; path = SectionInfo.m; sourceTree = "<group>"; };
		4F08E1E91434D1BA008DACEE /* Play.h */ = {isa = PBXFileReference; fileEncoding = 4; lastKnownFileType = sourcecode.c.h; path = Play.h; sourceTree = "<group>"; };
		4F08E1EA1434D1BB008DACEE /* Play.m */ = {isa = PBXFileReference; fileEncoding = 4; lastKnownFileType = sourcecode.c.objc; path = Play.m; sourceTree = "<group>"; };
		4F08E1EC14353CC4008DACEE /* QuartzCore.framework */ = {isa = PBXFileReference; lastKnownFileType = wrapper.framework; name = QuartzCore.framework; path = Platforms/iPhoneOS.platform/Developer/SDKs/iPhoneOS4.3.sdk/System/Library/Frameworks/QuartzCore.framework; sourceTree = DEVELOPER_DIR; };
		4F08E1EE143542F9008DACEE /* Quotation.h */ = {isa = PBXFileReference; fileEncoding = 4; lastKnownFileType = sourcecode.c.h; path = Quotation.h; sourceTree = "<group>"; };
		4F08E1EF143542FA008DACEE /* Quotation.m */ = {isa = PBXFileReference; fileEncoding = 4; lastKnownFileType = sourcecode.c.objc; path = Quotation.m; sourceTree = "<group>"; };
		4F1BC6A01464FFD0004F02C1 /* VocViewController.h */ = {isa = PBXFileReference; fileEncoding = 4; lastKnownFileType = sourcecode.c.h; path = VocViewController.h; sourceTree = "<group>"; };
		4F1BC6A11464FFDF004F02C1 /* VocViewController.m */ = {isa = PBXFileReference; fileEncoding = 4; lastKnownFileType = sourcecode.c.objc; path = VocViewController.m; sourceTree = "<group>"; };
		4F1BC6B714658122004F02C1 /* VocoderViewController.xib */ = {isa = PBXFileReference; fileEncoding = 4; lastKnownFileType = file.xib; path = VocoderViewController.xib; sourceTree = "<group>"; };
		4F1BC6CB14658806004F02C1 /* VocViewController.xib */ = {isa = PBXFileReference; fileEncoding = 4; lastKnownFileType = file.xib; name = VocViewController.xib; path = Classes/VocViewController.xib; sourceTree = "<group>"; };
		4F1BC6D514682449004F02C1 /* user.png */ = {isa = PBXFileReference; lastKnownFileType = image.png; path = user.png; sourceTree = "<group>"; };
		4F2045DE1417B3EF0002AC6A /* bgTextBubbleLC20TC20.png */ = {isa = PBXFileReference; lastKnownFileType = image.png; path = bgTextBubbleLC20TC20.png; sourceTree = "<group>"; };
		4F2045F21417C0540002AC6A /* ChatViewController.xib */ = {isa = PBXFileReference; fileEncoding = 4; lastKnownFileType = file.xib; path = ChatViewController.xib; sourceTree = "<group>"; };
		4F2045F51417C7100002AC6A /* Contact.h */ = {isa = PBXFileReference; fileEncoding = 4; lastKnownFileType = sourcecode.c.h; path = Contact.h; sourceTree = "<group>"; };
		4F2045F61417C7100002AC6A /* Contact.m */ = {isa = PBXFileReference; fileEncoding = 4; lastKnownFileType = sourcecode.c.objc; path = Contact.m; sourceTree = "<group>"; };
		4F2045F91417D2360002AC6A /* chatmodel.xcdatamodel */ = {isa = PBXFileReference; lastKnownFileType = wrapper.xcdatamodel; path = chatmodel.xcdatamodel; sourceTree = "<group>"; };
		4F238A801469AEBA0047EE1B /* arrow-right.png */ = {isa = PBXFileReference; lastKnownFileType = image.png; path = "arrow-right.png"; sourceTree = "<group>"; };
		4F238A83146AC80C0047EE1B /* Dialog.xcdatamodel */ = {isa = PBXFileReference; lastKnownFileType = wrapper.xcdatamodel; path = Dialog.xcdatamodel; sourceTree = "<group>"; };
		4F38BB19145B80F300671269 /* userWaldo.png */ = {isa = PBXFileReference; lastKnownFileType = image.png; path = userWaldo.png; sourceTree = "<group>"; };
		4F5E37FE13FC93130025B24A /* ChatBubbleView.h */ = {isa = PBXFileReference; fileEncoding = 4; lastKnownFileType = sourcecode.c.h; path = ChatBubbleView.h; sourceTree = "<group>"; };
		4F5E37FF13FC93130025B24A /* ChatBubbleView.m */ = {isa = PBXFileReference; fileEncoding = 4; lastKnownFileType = sourcecode.c.objc; path = ChatBubbleView.m; sourceTree = "<group>"; };
		4F5E385213FC98080025B24A /* Icon.png */ = {isa = PBXFileReference; lastKnownFileType = image.png; path = Icon.png; sourceTree = "<group>"; };
		4F6898FB14696275007927E3 /* AVFoundation.framework */ = {isa = PBXFileReference; lastKnownFileType = wrapper.framework; name = AVFoundation.framework; path = Platforms/iPhoneOS.platform/Developer/SDKs/iPhoneOS4.3.sdk/System/Library/Frameworks/AVFoundation.framework; sourceTree = DEVELOPER_DIR; };
		4F724C8C13F6D91700A6F871 /* phone.png */ = {isa = PBXFileReference; lastKnownFileType = image.png; name = phone.png; path = ../phone.png; sourceTree = "<group>"; };
		4F724C8E13F6D93800A6F871 /* 123.wav */ = {isa = PBXFileReference; lastKnownFileType = audio.wav; name = 123.wav; path = ../123.wav; sourceTree = "<group>"; };
		4F724C9A13F7619300A6F871 /* bottomRow.png */ = {isa = PBXFileReference; lastKnownFileType = image.png; path = bottomRow.png; sourceTree = "<group>"; };
		4F724C9B13F7619300A6F871 /* bottomRowSelected.png */ = {isa = PBXFileReference; lastKnownFileType = image.png; path = bottomRowSelected.png; sourceTree = "<group>"; };
		4F724C9C13F7619300A6F871 /* gradientBackground.png */ = {isa = PBXFileReference; lastKnownFileType = image.png; path = gradientBackground.png; sourceTree = "<group>"; };
		4F724C9D13F7619300A6F871 /* imageA.png */ = {isa = PBXFileReference; lastKnownFileType = image.png; path = imageA.png; sourceTree = "<group>"; };
		4F724C9E13F7619300A6F871 /* imageB.png */ = {isa = PBXFileReference; lastKnownFileType = image.png; path = imageB.png; sourceTree = "<group>"; };
		4F724C9F13F7619300A6F871 /* imageC.png */ = {isa = PBXFileReference; lastKnownFileType = image.png; path = imageC.png; sourceTree = "<group>"; };
		4F724CA113F7619300A6F871 /* middleRow.png */ = {isa = PBXFileReference; lastKnownFileType = image.png; path = middleRow.png; sourceTree = "<group>"; };
		4F724CA213F7619300A6F871 /* middleRowSelected.png */ = {isa = PBXFileReference; lastKnownFileType = image.png; path = middleRowSelected.png; sourceTree = "<group>"; };
		4F724CA313F7619300A6F871 /* topAndBottomRow.png */ = {isa = PBXFileReference; lastKnownFileType = image.png; path = topAndBottomRow.png; sourceTree = "<group>"; };
		4F724CA413F7619300A6F871 /* topAndBottomRowSelected.png */ = {isa = PBXFileReference; lastKnownFileType = image.png; path = topAndBottomRowSelected.png; sourceTree = "<group>"; };
		4F724CA513F7619300A6F871 /* topRow.png */ = {isa = PBXFileReference; lastKnownFileType = image.png; path = topRow.png; sourceTree = "<group>"; };
		4F724CA613F7619300A6F871 /* topRowSelected.png */ = {isa = PBXFileReference; lastKnownFileType = image.png; path = topRowSelected.png; sourceTree = "<group>"; };
		4F724CB413F76E5200A6F871 /* indicator.png */ = {isa = PBXFileReference; lastKnownFileType = image.png; path = indicator.png; sourceTree = "<group>"; };
		4F724CB613F774C400A6F871 /* AddressBookUI.framework */ = {isa = PBXFileReference; lastKnownFileType = wrapper.framework; name = AddressBookUI.framework; path = System/Library/Frameworks/AddressBookUI.framework; sourceTree = SDKROOT; };
		4F74C55714231D9400B97CC3 /* Reachability.h */ = {isa = PBXFileReference; fileEncoding = 4; lastKnownFileType = sourcecode.c.h; path = Reachability.h; sourceTree = "<group>"; };
		4F74C55814231D9400B97CC3 /* Reachability.m */ = {isa = PBXFileReference; fileEncoding = 4; lastKnownFileType = sourcecode.c.objc; path = Reachability.m; sourceTree = "<group>"; };
		4F74C55A1423973900B97CC3 /* SystemConfiguration.framework */ = {isa = PBXFileReference; lastKnownFileType = wrapper.framework; name = SystemConfiguration.framework; path = Platforms/iPhoneOS.platform/Developer/SDKs/iPhoneOS4.3.sdk/System/Library/Frameworks/SystemConfiguration.framework; sourceTree = DEVELOPER_DIR; };
		4F76F5F8145EFB90003E944B /* AddUserViewController.h */ = {isa = PBXFileReference; fileEncoding = 4; lastKnownFileType = sourcecode.c.h; name = AddUserViewController.h; path = ../NavTab.xcodeproj/AddUserViewController.h; sourceTree = "<group>"; };
		4F76F5F9145EFB90003E944B /* AddUserViewController.m */ = {isa = PBXFileReference; fileEncoding = 4; lastKnownFileType = sourcecode.c.objc; name = AddUserViewController.m; path = ../NavTab.xcodeproj/AddUserViewController.m; sourceTree = "<group>"; };
		4F76F5FA145EFB90003E944B /* AddUserViewController.xib */ = {isa = PBXFileReference; fileEncoding = 4; lastKnownFileType = file.xib; name = AddUserViewController.xib; path = NavTab.xcodeproj/AddUserViewController.xib; sourceTree = "<group>"; };
		4F76F617145F073D003E944B /* MenuViewController.h */ = {isa = PBXFileReference; fileEncoding = 4; lastKnownFileType = sourcecode.c.h; path = MenuViewController.h; sourceTree = "<group>"; };
		4F76F618145F073E003E944B /* MenuViewController.m */ = {isa = PBXFileReference; fileEncoding = 4; lastKnownFileType = sourcecode.c.objc; path = MenuViewController.m; sourceTree = "<group>"; };
		4F76F619145F073F003E944B /* MenuViewController.xib */ = {isa = PBXFileReference; fileEncoding = 4; lastKnownFileType = file.xib; name = MenuViewController.xib; path = Classes/MenuViewController.xib; sourceTree = "<group>"; };
		4F76F63A14619FE8003E944B /* media-seek-backward-3.png */ = {isa = PBXFileReference; lastKnownFileType = image.png; path = "media-seek-backward-3.png"; sourceTree = "<group>"; };
		4F76F63B14619FE8003E944B /* media-skip-forward-10.png */ = {isa = PBXFileReference; lastKnownFileType = image.png; path = "media-skip-forward-10.png"; sourceTree = "<group>"; };
		4F76F63C14619FE8003E944B /* project-open-3.png */ = {isa = PBXFileReference; lastKnownFileType = image.png; path = "project-open-3.png"; sourceTree = "<group>"; };
		4F76F63D14619FE8003E944B /* quickopen-file.png */ = {isa = PBXFileReference; lastKnownFileType = image.png; path = "quickopen-file.png"; sourceTree = "<group>"; };
		4F76F63E14619FE8003E944B /* run-build-3.png */ = {isa = PBXFileReference; lastKnownFileType = image.png; path = "run-build-3.png"; sourceTree = "<group>"; };
		4F76F63F14619FE8003E944B /* user-new-2.png */ = {isa = PBXFileReference; lastKnownFileType = image.png; path = "user-new-2.png"; sourceTree = "<group>"; };
		4F76F6461461A0EB003E944B /* view-media-artist.png */ = {isa = PBXFileReference; lastKnownFileType = image.png; path = "view-media-artist.png"; sourceTree = "<group>"; };
		4F76F650146354C6003E944B /* carat-open.png */ = {isa = PBXFileReference; lastKnownFileType = image.png; path = "carat-open.png"; sourceTree = "<group>"; };
		4F76F651146354C6003E944B /* carat.png */ = {isa = PBXFileReference; lastKnownFileType = image.png; path = carat.png; sourceTree = "<group>"; };
		4F9BAFBD13EB740C004179FC /* AddressBook.framework */ = {isa = PBXFileReference; lastKnownFileType = wrapper.framework; name = AddressBook.framework; path = System/Library/Frameworks/AddressBook.framework; sourceTree = SDKROOT; };
		4F9BB0BB13F2E931004179FC /* 111.caf */ = {isa = PBXFileReference; lastKnownFileType = file; name = 111.caf; path = ../111.caf; sourceTree = "<group>"; };
		4F9BB0BF13F2E9BE004179FC /* mysoundcompressed.caf */ = {isa = PBXFileReference; lastKnownFileType = file; name = mysoundcompressed.caf; path = ../mysoundcompressed.caf; sourceTree = "<group>"; };
		4F9BB0CA13F2EA73004179FC /* AudioToolbox.framework */ = {isa = PBXFileReference; lastKnownFileType = wrapper.framework; name = AudioToolbox.framework; path = System/Library/Frameworks/AudioToolbox.framework; sourceTree = SDKROOT; };
		4FA83DCC140C685100B63437 /* btnSend.png */ = {isa = PBXFileReference; lastKnownFileType = image.png; path = btnSend.png; sourceTree = "<group>"; };
		4FE62B2B146C31DE00B46F7C /* libRestKitCoreData.a */ = {isa = PBXFileReference; explicitFileType = archive.ar; path = libRestKitCoreData.a; sourceTree = SOURCE_ROOT; };
		4FE62B2D146C31F500B46F7C /* libRestKitJSONParserYAJL.a */ = {isa = PBXFileReference; explicitFileType = archive.ar; path = libRestKitJSONParserYAJL.a; sourceTree = SOURCE_ROOT; };
		4FE62B2E146C31F500B46F7C /* libRestKitNetwork.a */ = {isa = PBXFileReference; explicitFileType = archive.ar; path = libRestKitNetwork.a; sourceTree = SOURCE_ROOT; };
		4FE62B2F146C31F500B46F7C /* libRestKitObjectMapping.a */ = {isa = PBXFileReference; explicitFileType = archive.ar; path = libRestKitObjectMapping.a; sourceTree = SOURCE_ROOT; };
		4FE62B30146C31F500B46F7C /* libRestKitSupport.a */ = {isa = PBXFileReference; explicitFileType = archive.ar; path = libRestKitSupport.a; sourceTree = SOURCE_ROOT; };
		4FE62B35146C31FF00B46F7C /* CFNetwork.framework */ = {isa = PBXFileReference; lastKnownFileType = wrapper.framework; name = CFNetwork.framework; path = Platforms/iPhoneOS.platform/Developer/SDKs/iPhoneOS4.3.sdk/System/Library/Frameworks/CFNetwork.framework; sourceTree = DEVELOPER_DIR; };
		4FE62B37146C321200B46F7C /* CoreData.framework */ = {isa = PBXFileReference; lastKnownFileType = wrapper.framework; name = CoreData.framework; path = Platforms/iPhoneOS.platform/Developer/SDKs/iPhoneOS4.3.sdk/System/Library/Frameworks/CoreData.framework; sourceTree = DEVELOPER_DIR; };
		4FE62B38146C321F00B46F7C /* SystemConfiguration.framework */ = {isa = PBXFileReference; lastKnownFileType = wrapper.framework; name = SystemConfiguration.framework; path = Platforms/iPhoneOS.platform/Developer/SDKs/iPhoneOS4.3.sdk/System/Library/Frameworks/SystemConfiguration.framework; sourceTree = DEVELOPER_DIR; };
		4FE62B39146C322900B46F7C /* MobileCoreServices.framework */ = {isa = PBXFileReference; lastKnownFileType = wrapper.framework; name = MobileCoreServices.framework; path = Platforms/iPhoneOS.platform/Developer/SDKs/iPhoneOS4.3.sdk/System/Library/Frameworks/MobileCoreServices.framework; sourceTree = DEVELOPER_DIR; };
		7E449FFD1402B4D500B5A7DC /* Util.h */ = {isa = PBXFileReference; fileEncoding = 4; lastKnownFileType = sourcecode.c.h; path = Util.h; sourceTree = "<group>"; };
		7E449FFE1402B4D500B5A7DC /* Util.m */ = {isa = PBXFileReference; fileEncoding = 4; lastKnownFileType = sourcecode.c.objc; path = Util.m; sourceTree = "<group>"; };
		7E44A0001402B5D400B5A7DC /* Lion.aif */ = {isa = PBXFileReference; lastKnownFileType = file; path = Lion.aif; sourceTree = SOURCE_ROOT; };
		7E44A0481402BE4700B5A7DC /* dovocode.m */ = {isa = PBXFileReference; fileEncoding = 4; lastKnownFileType = sourcecode.c.objc; path = dovocode.m; sourceTree = "<group>"; };
		7E44A0521402C27300B5A7DC /* vocode.m */ = {isa = PBXFileReference; fileEncoding = 4; lastKnownFileType = sourcecode.c.objc; path = vocode.m; sourceTree = "<group>"; };
		7E68D6F71456388000DB3684 /* conv.c */ = {isa = PBXFileReference; fileEncoding = 4; lastKnownFileType = sourcecode.c.c; path = conv.c; sourceTree = "<group>"; };
		7E68D6F81456388000DB3684 /* conv.h */ = {isa = PBXFileReference; fileEncoding = 4; lastKnownFileType = sourcecode.c.h; path = conv.h; sourceTree = "<group>"; };
		7EEF89A21402695D005D93F7 /* aiff.c */ = {isa = PBXFileReference; fileEncoding = 4; lastKnownFileType = sourcecode.c.c; path = aiff.c; sourceTree = "<group>"; };
		7EEF89A31402695D005D93F7 /* aiff.h */ = {isa = PBXFileReference; fileEncoding = 4; lastKnownFileType = sourcecode.c.h; path = aiff.h; sourceTree = "<group>"; };
		7EEF89A41402695D005D93F7 /* AudioRecorder.h */ = {isa = PBXFileReference; fileEncoding = 4; lastKnownFileType = sourcecode.c.h; path = AudioRecorder.h; sourceTree = "<group>"; };
		7EEF89A51402695D005D93F7 /* AudioRecorder.m */ = {isa = PBXFileReference; fileEncoding = 4; lastKnownFileType = sourcecode.c.objc; path = AudioRecorder.m; sourceTree = "<group>"; };
		7EEF89A61402695D005D93F7 /* config.h */ = {isa = PBXFileReference; fileEncoding = 4; lastKnownFileType = sourcecode.c.h; path = config.h; sourceTree = "<group>"; };
		7EEF89A81402695D005D93F7 /* dovocode.h */ = {isa = PBXFileReference; fileEncoding = 4; lastKnownFileType = sourcecode.c.h; path = dovocode.h; sourceTree = "<group>"; };
		7EEF89A91402695D005D93F7 /* error.c */ = {isa = PBXFileReference; fileEncoding = 4; lastKnownFileType = sourcecode.c.c; path = error.c; sourceTree = "<group>"; };
		7EEF89AA1402695D005D93F7 /* error.h */ = {isa = PBXFileReference; fileEncoding = 4; lastKnownFileType = sourcecode.c.h; path = error.h; sourceTree = "<group>"; };
		7EEF89AB1402695D005D93F7 /* extended.c */ = {isa = PBXFileReference; fileEncoding = 4; lastKnownFileType = sourcecode.c.c; path = extended.c; sourceTree = "<group>"; };
		7EEF89AC1402695D005D93F7 /* extended.h */ = {isa = PBXFileReference; fileEncoding = 4; lastKnownFileType = sourcecode.c.h; path = extended.h; sourceTree = "<group>"; };
		7EEF89AD1402695D005D93F7 /* fft.h */ = {isa = PBXFileReference; fileEncoding = 4; lastKnownFileType = sourcecode.c.h; path = fft.h; sourceTree = "<group>"; };
		7EEF89AE1402695D005D93F7 /* fftaux.c */ = {isa = PBXFileReference; fileEncoding = 4; lastKnownFileType = sourcecode.c.c; path = fftaux.c; sourceTree = "<group>"; };
		7EEF89AF1402695D005D93F7 /* fftn.c */ = {isa = PBXFileReference; fileEncoding = 4; lastKnownFileType = sourcecode.c.c; path = fftn.c; sourceTree = "<group>"; };
		7EEF89B01402695D005D93F7 /* riff.c */ = {isa = PBXFileReference; fileEncoding = 4; lastKnownFileType = sourcecode.c.c; path = riff.c; sourceTree = "<group>"; };
		7EEF89B11402695D005D93F7 /* riff.h */ = {isa = PBXFileReference; fileEncoding = 4; lastKnownFileType = sourcecode.c.h; path = riff.h; sourceTree = "<group>"; };
		7EEF89B21402695D005D93F7 /* spt.h */ = {isa = PBXFileReference; fileEncoding = 4; lastKnownFileType = sourcecode.c.h; path = spt.h; sourceTree = "<group>"; };
		7EEF89B41402695D005D93F7 /* vocode.h */ = {isa = PBXFileReference; fileEncoding = 4; lastKnownFileType = sourcecode.c.h; path = vocode.h; sourceTree = "<group>"; };
		7EEF89B51402695D005D93F7 /* wave.c */ = {isa = PBXFileReference; fileEncoding = 4; lastKnownFileType = sourcecode.c.c; path = wave.c; sourceTree = "<group>"; };
		7EEF89B61402695D005D93F7 /* wave.h */ = {isa = PBXFileReference; fileEncoding = 4; lastKnownFileType = sourcecode.c.h; path = wave.h; sourceTree = "<group>"; };
		8D1107310486CEB800E47090 /* Info.plist */ = {isa = PBXFileReference; fileEncoding = 4; lastKnownFileType = text.plist.xml; path = Info.plist; sourceTree = "<group>"; };
		E11501A30F8AB60C00E492FD /* MoreOptionViewController.h */ = {isa = PBXFileReference; fileEncoding = 4; lastKnownFileType = sourcecode.c.h; path = MoreOptionViewController.h; sourceTree = "<group>"; };
		E11501A40F8AB60C00E492FD /* MoreOptionViewController.m */ = {isa = PBXFileReference; fileEncoding = 4; lastKnownFileType = sourcecode.c.objc; path = MoreOptionViewController.m; sourceTree = "<group>"; };
		E11501A60F8AB6C600E492FD /* MoreOptionView.xib */ = {isa = PBXFileReference; lastKnownFileType = file.xib; path = MoreOptionView.xib; sourceTree = "<group>"; };
		E124FF7E0F82CC6B008BC374 /* UICustomTabViewController.h */ = {isa = PBXFileReference; fileEncoding = 4; lastKnownFileType = sourcecode.c.h; path = UICustomTabViewController.h; sourceTree = "<group>"; };
		E124FF7F0F82CC6B008BC374 /* UICustomTabViewController.m */ = {isa = PBXFileReference; fileEncoding = 4; lastKnownFileType = sourcecode.c.objc; path = UICustomTabViewController.m; sourceTree = "<group>"; };
		E124FF810F82CD8F008BC374 /* TabViewController.xib */ = {isa = PBXFileReference; lastKnownFileType = file.xib; path = TabViewController.xib; sourceTree = "<group>"; };
		E176A1270F88116D00EEE756 /* FavoritesTabViewController.h */ = {isa = PBXFileReference; fileEncoding = 4; lastKnownFileType = sourcecode.c.h; path = FavoritesTabViewController.h; sourceTree = "<group>"; };
		E176A1280F88116D00EEE756 /* FavoritesTabViewController.m */ = {isa = PBXFileReference; fileEncoding = 4; lastKnownFileType = sourcecode.c.objc; path = FavoritesTabViewController.m; sourceTree = "<group>"; };
		E176A12B0F8811A200EEE756 /* FavoritesTabView.xib */ = {isa = PBXFileReference; lastKnownFileType = file.xib; path = FavoritesTabView.xib; sourceTree = "<group>"; };
		E176A2250F893F7C00EEE756 /* MoreTabView.xib */ = {isa = PBXFileReference; lastKnownFileType = file.xib; path = MoreTabView.xib; sourceTree = "<group>"; };
		E176A2270F893FC200EEE756 /* MoreTabViewController.h */ = {isa = PBXFileReference; fileEncoding = 4; lastKnownFileType = sourcecode.c.h; path = MoreTabViewController.h; sourceTree = "<group>"; };
		E176A2280F893FC200EEE756 /* MoreTabViewController.m */ = {isa = PBXFileReference; fileEncoding = 4; lastKnownFileType = sourcecode.c.objc; path = MoreTabViewController.m; sourceTree = "<group>"; };
/* End PBXFileReference section */

/* Begin PBXFrameworksBuildPhase section */
		1D60588F0D05DD3D006BFB54 /* Frameworks */ = {
			isa = PBXFrameworksBuildPhase;
			buildActionMask = 2147483647;
			files = (
				4FE62B3A146C322900B46F7C /* MobileCoreServices.framework in Frameworks */,
				4F74C55B1423973900B97CC3 /* SystemConfiguration.framework in Frameworks */,
				4F03B2C81401D0F700FEC9D4 /* CoreData.framework in Frameworks */,
				4FE62B36146C31FF00B46F7C /* CFNetwork.framework in Frameworks */,
				4FE62B31146C31F500B46F7C /* libRestKitJSONParserYAJL.a in Frameworks */,
				4FE62B32146C31F500B46F7C /* libRestKitNetwork.a in Frameworks */,
				4FE62B33146C31F500B46F7C /* libRestKitObjectMapping.a in Frameworks */,
				4FE62B34146C31F500B46F7C /* libRestKitSupport.a in Frameworks */,
				4FE62B2C146C31DE00B46F7C /* libRestKitCoreData.a in Frameworks */,
				4F6898FC14696275007927E3 /* AVFoundation.framework in Frameworks */,
				4F08E1ED14353CC4008DACEE /* QuartzCore.framework in Frameworks */,
				4F724CB713F774C500A6F871 /* AddressBookUI.framework in Frameworks */,
				1D60589F0D05DD5A006BFB54 /* Foundation.framework in Frameworks */,
				1DF5F4E00D08C38300B7A737 /* UIKit.framework in Frameworks */,
				2892E4100DC94CBA00A64D0F /* CoreGraphics.framework in Frameworks */,
				4F9BAFBE13EB740C004179FC /* AddressBook.framework in Frameworks */,
				4F9BB0CB13F2EA73004179FC /* AudioToolbox.framework in Frameworks */,
			);
			runOnlyForDeploymentPostprocessing = 0;
		};
/* End PBXFrameworksBuildPhase section */

/* Begin PBXGroup section */
		080E96DDFE201D6D7F000001 /* Classes */ = {
			isa = PBXGroup;
			children = (
				4F2045F41417C6F80002AC6A /* Model */,
				7EEF89A114026830005D93F7 /* Audio */,
				4F03B2D21401D42300FEC9D4 /* Common */,
				4F03B2C91401D31100FEC9D4 /* CellView */,
				4F03B2961401339500FEC9D4 /* Lib */,
				4F76F5F8145EFB90003E944B /* AddUserViewController.h */,
				4F76F5F9145EFB90003E944B /* AddUserViewController.m */,
				4F76F617145F073D003E944B /* MenuViewController.h */,
				4F76F618145F073E003E944B /* MenuViewController.m */,
				4F03B2931401315600FEC9D4 /* DBHandler.h */,
				4F08E1E91434D1BA008DACEE /* Play.h */,
				4F08E1EA1434D1BB008DACEE /* Play.m */,
				4F1BC6A11464FFDF004F02C1 /* VocViewController.m */,
				4F1BC6A01464FFD0004F02C1 /* VocViewController.h */,
				4F08E1EE143542F9008DACEE /* Quotation.h */,
				4F08E1EF143542FA008DACEE /* Quotation.m */,
				4F03B2C41401D05100FEC9D4 /* ChatViewController.h */,
				4F03B2C51401D05100FEC9D4 /* ChatViewController.m */,
				4F08E1E61434C7D9008DACEE /* SectionInfo.h */,
				4F08E1E71434C7D9008DACEE /* SectionInfo.m */,
				4F08E1E314346AB6008DACEE /* SectionHeaderView.h */,
				4F08E1E414346AB7008DACEE /* SectionHeaderView.m */,
				4F03B2941401315600FEC9D4 /* DBHandler.m */,
				E176A2270F893FC200EEE756 /* MoreTabViewController.h */,
				4F5E37FE13FC93130025B24A /* ChatBubbleView.h */,
				4F5E37FF13FC93130025B24A /* ChatBubbleView.m */,
				28C286DF0D94DF7D0034E888 /* RootViewController.h */,
				28C286E00D94DF7D0034E888 /* RootViewController.m */,
				1D3623240D0F684500981E51 /* NavTabAppDelegate.h */,
				1D3623250D0F684500981E51 /* NavTabAppDelegate.m */,
				E124FF7E0F82CC6B008BC374 /* UICustomTabViewController.h */,
				E124FF7F0F82CC6B008BC374 /* UICustomTabViewController.m */,
				E176A1270F88116D00EEE756 /* FavoritesTabViewController.h */,
				E176A1280F88116D00EEE756 /* FavoritesTabViewController.m */,
				E176A2280F893FC200EEE756 /* MoreTabViewController.m */,
				E11501A30F8AB60C00E492FD /* MoreOptionViewController.h */,
				E11501A40F8AB60C00E492FD /* MoreOptionViewController.m */,
			);
			path = Classes;
			sourceTree = "<group>";
		};
		19C28FACFE9D520D11CA2CBB /* Products */ = {
			isa = PBXGroup;
			children = (
				1D6058910D05DD3D006BFB54 /* NavTab.app */,
			);
			name = Products;
			sourceTree = "<group>";
		};
		29B97314FDCFA39411CA2CEA /* CustomTemplate */ = {
			isa = PBXGroup;
			children = (
				4F2B1242147083CB007EC874 /* New Group */,
				4FE62B39146C322900B46F7C /* MobileCoreServices.framework */,
				4FE62B38146C321F00B46F7C /* SystemConfiguration.framework */,
				4FE62B37146C321200B46F7C /* CoreData.framework */,
				4FE62B35146C31FF00B46F7C /* CFNetwork.framework */,
				4FE62B2D146C31F500B46F7C /* libRestKitJSONParserYAJL.a */,
				4FE62B2E146C31F500B46F7C /* libRestKitNetwork.a */,
				4FE62B2F146C31F500B46F7C /* libRestKitObjectMapping.a */,
				4FE62B30146C31F500B46F7C /* libRestKitSupport.a */,
				4FE62B2B146C31DE00B46F7C /* libRestKitCoreData.a */,
				4F6898FB14696275007927E3 /* AVFoundation.framework */,
				4F08E1EC14353CC4008DACEE /* QuartzCore.framework */,
				4F74C55A1423973900B97CC3 /* SystemConfiguration.framework */,
				080E96DDFE201D6D7F000001 /* Classes */,
				29B97315FDCFA39411CA2CEA /* Other Sources */,
				29B97317FDCFA39411CA2CEA /* Resources */,
				29B97323FDCFA39411CA2CEA /* Frameworks */,
				19C28FACFE9D520D11CA2CBB /* Products */,
			);
			name = CustomTemplate;
			sourceTree = "<group>";
		};
		29B97315FDCFA39411CA2CEA /* Other Sources */ = {
			isa = PBXGroup;
			children = (
				29B97316FDCFA39411CA2CEA /* main.m */,
				28A0AAE50D9B0CCF005BE974 /* NavTab_Prefix.pch */,
			);
			name = "Other Sources";
			sourceTree = "<group>";
		};
		29B97317FDCFA39411CA2CEA /* Resources */ = {
			isa = PBXGroup;
			children = (
				4F724C9913F75F7800A6F871 /* sounds */,
				4F724C9813F75F1D00A6F871 /* images */,
				2899E55F0DE3E45000AC0155 /* RootViewController.xib */,
				4F1BC6B714658122004F02C1 /* VocoderViewController.xib */,
				4F76F5FA145EFB90003E944B /* AddUserViewController.xib */,
				4F76F619145F073F003E944B /* MenuViewController.xib */,
				4F2045F21417C0540002AC6A /* ChatViewController.xib */,
				28AD735F0D9D9599002E5188 /* MainWindow.xib */,
				8D1107310486CEB800E47090 /* Info.plist */,
				E124FF810F82CD8F008BC374 /* TabViewController.xib */,
				E176A12B0F8811A200EEE756 /* FavoritesTabView.xib */,
				E176A2250F893F7C00EEE756 /* MoreTabView.xib */,
				4F1BC6CB14658806004F02C1 /* VocViewController.xib */,
				E11501A60F8AB6C600E492FD /* MoreOptionView.xib */,
				4F2045F81417D2360002AC6A /* chatmodel.xcdatamodeld */,
				4F238A82146AC80C0047EE1B /* Dialog.xcdatamodeld */,
			);
			name = Resources;
			sourceTree = "<group>";
		};
		29B97323FDCFA39411CA2CEA /* Frameworks */ = {
			isa = PBXGroup;
			children = (
				4F03B2C71401D0F600FEC9D4 /* CoreData.framework */,
				4F724CB613F774C400A6F871 /* AddressBookUI.framework */,
				1DF5F4DF0D08C38300B7A737 /* UIKit.framework */,
				1D30AB110D05D00D00671497 /* Foundation.framework */,
				2892E40F0DC94CBA00A64D0F /* CoreGraphics.framework */,
				4F9BAFBD13EB740C004179FC /* AddressBook.framework */,
				4F9BB0CA13F2EA73004179FC /* AudioToolbox.framework */,
			);
			name = Frameworks;
			sourceTree = "<group>";
		};
		4F03B2961401339500FEC9D4 /* Lib */ = {
			isa = PBXGroup;
			children = (
				4F03B297140133B000FEC9D4 /* JSON */,
			);
			name = Lib;
			sourceTree = "<group>";
		};
		4F03B297140133B000FEC9D4 /* JSON */ = {
			isa = PBXGroup;
			children = (
				4F03B2F81402919D00FEC9D4 /* JSON.h */,
				4F03B2F21402917F00FEC9D4 /* NSObject+SBJSON.h */,
				4F03B2F31402917F00FEC9D4 /* NSObject+SBJSON.m */,
				4F03B2F41402917F00FEC9D4 /* NSString+SBJSON.h */,
				4F03B2F51402917F00FEC9D4 /* NSString+SBJSON.m */,
				4F03B2E61402917500FEC9D4 /* SBJSON.h */,
				4F03B2E71402917500FEC9D4 /* SBJSON.m */,
				4F03B2E81402917500FEC9D4 /* SBJsonBase.h */,
				4F03B2E91402917500FEC9D4 /* SBJsonBase.m */,
				4F03B2EA1402917500FEC9D4 /* SBJsonParser.h */,
				4F03B2EB1402917500FEC9D4 /* SBJsonParser.m */,
				4F03B2EC1402917500FEC9D4 /* SBJsonWriter.h */,
				4F03B2ED1402917500FEC9D4 /* SBJsonWriter.m */,
			);
			name = JSON;
			sourceTree = "<group>";
		};
		4F03B2C91401D31100FEC9D4 /* CellView */ = {
			isa = PBXGroup;
			children = (
				4F03B2CA1401D34100FEC9D4 /* ContactTableViewCell.h */,
				4F03B2CB1401D34100FEC9D4 /* ContactTableViewCell.m */,
				4F03B2CC1401D34100FEC9D4 /* ContactTableViewCell.xib */,
				4F03B2CD1401D34100FEC9D4 /* MessageTableViewCell.h */,
				4F03B2CE1401D34100FEC9D4 /* MessageTableViewCell.m */,
			);
			name = CellView;
			sourceTree = "<group>";
		};
		4F03B2D21401D42300FEC9D4 /* Common */ = {
			isa = PBXGroup;
			children = (
				4F74C55714231D9400B97CC3 /* Reachability.h */,
				4F74C55814231D9400B97CC3 /* Reachability.m */,
				7E449FFD1402B4D500B5A7DC /* Util.h */,
				7E449FFE1402B4D500B5A7DC /* Util.m */,
				4F03B2D71401D4C000FEC9D4 /* ChatMeUser.h */,
				4F03B2D81401D4C000FEC9D4 /* ChatMeUser.m */,
				4F03B2D61401D48300FEC9D4 /* Common.h */,
				4F03B2D31401D44700FEC9D4 /* Message.h */,
				4F03B2DA1401D4DC00FEC9D4 /* Invitation.h */,
				4F03B2DB1401D4DC00FEC9D4 /* Invitation.m */,
				4F03B2D41401D44700FEC9D4 /* Message.m */,
			);
			name = Common;
			sourceTree = "<group>";
		};
		4F2045F41417C6F80002AC6A /* Model */ = {
			isa = PBXGroup;
			children = (
				4F2045F51417C7100002AC6A /* Contact.h */,
				4F2045F61417C7100002AC6A /* Contact.m */,
			);
			name = Model;
			sourceTree = "<group>";
		};
		4F2B1242147083CB007EC874 /* New Group */ = {
			isa = PBXGroup;
			children = (
			);
			name = "New Group";
			sourceTree = "<group>";
		};
		4F724C9813F75F1D00A6F871 /* images */ = {
			isa = PBXGroup;
			children = (
				4F238A801469AEBA0047EE1B /* arrow-right.png */,
				4F1BC6D514682449004F02C1 /* user.png */,
				4F76F650146354C6003E944B /* carat-open.png */,
				4F76F651146354C6003E944B /* carat.png */,
				4F76F6461461A0EB003E944B /* view-media-artist.png */,
				4F76F63A14619FE8003E944B /* media-seek-backward-3.png */,
				4F76F63B14619FE8003E944B /* media-skip-forward-10.png */,
				4F76F63C14619FE8003E944B /* project-open-3.png */,
				4F76F63D14619FE8003E944B /* quickopen-file.png */,
				4F76F63E14619FE8003E944B /* run-build-3.png */,
				4F76F63F14619FE8003E944B /* user-new-2.png */,
				4F38BB19145B80F300671269 /* userWaldo.png */,
				4F2045DE1417B3EF0002AC6A /* bgTextBubbleLC20TC20.png */,
				4FA83DCC140C685100B63437 /* btnSend.png */,
				4F5E385213FC98080025B24A /* Icon.png */,
				4F724CB413F76E5200A6F871 /* indicator.png */,
				4F724C9A13F7619300A6F871 /* bottomRow.png */,
				4F724C9B13F7619300A6F871 /* bottomRowSelected.png */,
				4F724C9C13F7619300A6F871 /* gradientBackground.png */,
				4F724C9D13F7619300A6F871 /* imageA.png */,
				4F724C9E13F7619300A6F871 /* imageB.png */,
				4F724C9F13F7619300A6F871 /* imageC.png */,
				4F724CA113F7619300A6F871 /* middleRow.png */,
				4F724CA213F7619300A6F871 /* middleRowSelected.png */,
				4F724CA313F7619300A6F871 /* topAndBottomRow.png */,
				4F724CA413F7619300A6F871 /* topAndBottomRowSelected.png */,
				4F724CA513F7619300A6F871 /* topRow.png */,
				4F724CA613F7619300A6F871 /* topRowSelected.png */,
				4F724C8C13F6D91700A6F871 /* phone.png */,
			);
			path = images;
			sourceTree = "<group>";
		};
		4F724C9913F75F7800A6F871 /* sounds */ = {
			isa = PBXGroup;
			children = (
				7E44A0001402B5D400B5A7DC /* Lion.aif */,
				4F9BB0BF13F2E9BE004179FC /* mysoundcompressed.caf */,
				4F9BB0BB13F2E931004179FC /* 111.caf */,
				4F724C8E13F6D93800A6F871 /* 123.wav */,
			);
			path = sounds;
			sourceTree = "<group>";
		};
		7EEF89A114026830005D93F7 /* Audio */ = {
			isa = PBXGroup;
			children = (
				7E68D6F71456388000DB3684 /* conv.c */,
				7E68D6F81456388000DB3684 /* conv.h */,
				7E44A0521402C27300B5A7DC /* vocode.m */,
				7E44A0481402BE4700B5A7DC /* dovocode.m */,
				7EEF89A21402695D005D93F7 /* aiff.c */,
				7EEF89A31402695D005D93F7 /* aiff.h */,
				7EEF89A41402695D005D93F7 /* AudioRecorder.h */,
				7EEF89A51402695D005D93F7 /* AudioRecorder.m */,
				7EEF89A61402695D005D93F7 /* config.h */,
				7EEF89A81402695D005D93F7 /* dovocode.h */,
				7EEF89A91402695D005D93F7 /* error.c */,
				7EEF89AA1402695D005D93F7 /* error.h */,
				7EEF89AB1402695D005D93F7 /* extended.c */,
				7EEF89AC1402695D005D93F7 /* extended.h */,
				7EEF89AD1402695D005D93F7 /* fft.h */,
				7EEF89AE1402695D005D93F7 /* fftaux.c */,
				7EEF89AF1402695D005D93F7 /* fftn.c */,
				7EEF89B01402695D005D93F7 /* riff.c */,
				7EEF89B11402695D005D93F7 /* riff.h */,
				7EEF89B21402695D005D93F7 /* spt.h */,
				7EEF89B41402695D005D93F7 /* vocode.h */,
				7EEF89B51402695D005D93F7 /* wave.c */,
				7EEF89B61402695D005D93F7 /* wave.h */,
			);
			name = Audio;
			sourceTree = "<group>";
		};
/* End PBXGroup section */

/* Begin PBXNativeTarget section */
		1D6058900D05DD3D006BFB54 /* NavTab */ = {
			isa = PBXNativeTarget;
			buildConfigurationList = 1D6058960D05DD3E006BFB54 /* Build configuration list for PBXNativeTarget "NavTab" */;
			buildPhases = (
				1D60588D0D05DD3D006BFB54 /* Resources */,
				1D60588E0D05DD3D006BFB54 /* Sources */,
				1D60588F0D05DD3D006BFB54 /* Frameworks */,
			);
			buildRules = (
			);
			dependencies = (
			);
			name = NavTab;
			productName = NavTab;
			productReference = 1D6058910D05DD3D006BFB54 /* NavTab.app */;
			productType = "com.apple.product-type.application";
		};
/* End PBXNativeTarget section */

/* Begin PBXProject section */
		29B97313FDCFA39411CA2CEA /* Project object */ = {
			isa = PBXProject;
			buildConfigurationList = C01FCF4E08A954540054247B /* Build configuration list for PBXProject "NavTab" */;
			compatibilityVersion = "Xcode 3.1";
			developmentRegion = English;
			hasScannedForEncodings = 1;
			knownRegions = (
				English,
				Japanese,
				French,
				German,
				en,
			);
			mainGroup = 29B97314FDCFA39411CA2CEA /* CustomTemplate */;
			projectDirPath = "";
			projectRoot = "";
			targets = (
				1D6058900D05DD3D006BFB54 /* NavTab */,
			);
		};
/* End PBXProject section */

/* Begin PBXResourcesBuildPhase section */
		1D60588D0D05DD3D006BFB54 /* Resources */ = {
			isa = PBXResourcesBuildPhase;
			buildActionMask = 2147483647;
			files = (
				28AD73600D9D9599002E5188 /* MainWindow.xib in Resources */,
				2899E5600DE3E45000AC0155 /* RootViewController.xib in Resources */,
				E124FF820F82CD8F008BC374 /* TabViewController.xib in Resources */,
				E176A12C0F8811A200EEE756 /* FavoritesTabView.xib in Resources */,
				E176A2260F893F7D00EEE756 /* MoreTabView.xib in Resources */,
				E11501A70F8AB6C600E492FD /* MoreOptionView.xib in Resources */,
				4F9BB0BC13F2E932004179FC /* 111.caf in Resources */,
				4F9BB0C013F2E9BE004179FC /* mysoundcompressed.caf in Resources */,
				4F724C8D13F6D91700A6F871 /* phone.png in Resources */,
				4F724C8F13F6D93800A6F871 /* 123.wav in Resources */,
				4F724CA713F7619300A6F871 /* bottomRow.png in Resources */,
				4F724CA813F7619300A6F871 /* bottomRowSelected.png in Resources */,
				4F724CA913F7619300A6F871 /* gradientBackground.png in Resources */,
				4F724CAA13F7619300A6F871 /* imageA.png in Resources */,
				4F724CAB13F7619300A6F871 /* imageB.png in Resources */,
				4F724CAC13F7619300A6F871 /* imageC.png in Resources */,
				4F724CAE13F7619300A6F871 /* middleRow.png in Resources */,
				4F724CAF13F7619300A6F871 /* middleRowSelected.png in Resources */,
				4F724CB013F7619300A6F871 /* topAndBottomRow.png in Resources */,
				4F724CB113F7619300A6F871 /* topAndBottomRowSelected.png in Resources */,
				4F724CB213F7619300A6F871 /* topRow.png in Resources */,
				4F724CB313F7619300A6F871 /* topRowSelected.png in Resources */,
				4F724CB513F76E5200A6F871 /* indicator.png in Resources */,
				4F5E385313FC98080025B24A /* Icon.png in Resources */,
				4F03B2D01401D34100FEC9D4 /* ContactTableViewCell.xib in Resources */,
				7E44A0011402B5D400B5A7DC /* Lion.aif in Resources */,
				4FA83DCD140C685100B63437 /* btnSend.png in Resources */,
				4F2045DF1417B3EF0002AC6A /* bgTextBubbleLC20TC20.png in Resources */,
				4F2045F31417C0540002AC6A /* ChatViewController.xib in Resources */,
				4F38BB1A145B80F300671269 /* userWaldo.png in Resources */,
				4F76F5FC145EFB90003E944B /* AddUserViewController.xib in Resources */,
				4F76F61B145F073F003E944B /* MenuViewController.xib in Resources */,
				4F76F64014619FE8003E944B /* media-seek-backward-3.png in Resources */,
				4F76F64114619FE8003E944B /* media-skip-forward-10.png in Resources */,
				4F76F64214619FE8003E944B /* project-open-3.png in Resources */,
				4F76F64314619FE8003E944B /* quickopen-file.png in Resources */,
				4F76F64414619FE8003E944B /* run-build-3.png in Resources */,
				4F76F64514619FE8003E944B /* user-new-2.png in Resources */,
				4F76F6471461A0EB003E944B /* view-media-artist.png in Resources */,
				4F76F652146354C7003E944B /* carat-open.png in Resources */,
				4F76F653146354C7003E944B /* carat.png in Resources */,
				4F1BC6B814658122004F02C1 /* VocoderViewController.xib in Resources */,
				4F1BC6CC14658806004F02C1 /* VocViewController.xib in Resources */,
				4F1BC6D614682449004F02C1 /* user.png in Resources */,
				4F238A811469AEBA0047EE1B /* arrow-right.png in Resources */,
			);
			runOnlyForDeploymentPostprocessing = 0;
		};
/* End PBXResourcesBuildPhase section */

/* Begin PBXSourcesBuildPhase section */
		1D60588E0D05DD3D006BFB54 /* Sources */ = {
			isa = PBXSourcesBuildPhase;
			buildActionMask = 2147483647;
			files = (
				1D60589B0D05DD56006BFB54 /* main.m in Sources */,
				1D3623260D0F684500981E51 /* NavTabAppDelegate.m in Sources */,
				28C286E10D94DF7D0034E888 /* RootViewController.m in Sources */,
				E124FF800F82CC6B008BC374 /* UICustomTabViewController.m in Sources */,
				E176A1290F88116D00EEE756 /* FavoritesTabViewController.m in Sources */,
				E176A2290F893FC200EEE756 /* MoreTabViewController.m in Sources */,
				E11501A50F8AB60C00E492FD /* MoreOptionViewController.m in Sources */,
				4F5E380013FC93130025B24A /* ChatBubbleView.m in Sources */,
				4F03B2951401315600FEC9D4 /* DBHandler.m in Sources */,
				4F03B2C61401D05100FEC9D4 /* ChatViewController.m in Sources */,
				4F03B2CF1401D34100FEC9D4 /* ContactTableViewCell.m in Sources */,
				4F03B2D11401D34100FEC9D4 /* MessageTableViewCell.m in Sources */,
				4F03B2D51401D44700FEC9D4 /* Message.m in Sources */,
				4F03B2D91401D4C000FEC9D4 /* ChatMeUser.m in Sources */,
				4F03B2DC1401D4DC00FEC9D4 /* Invitation.m in Sources */,
				7EEF89B71402695D005D93F7 /* aiff.c in Sources */,
				7EEF89B81402695D005D93F7 /* AudioRecorder.m in Sources */,
				7EEF89BA1402695D005D93F7 /* error.c in Sources */,
				7EEF89BB1402695D005D93F7 /* extended.c in Sources */,
				7EEF89BC1402695D005D93F7 /* fftaux.c in Sources */,
				7EEF89BD1402695D005D93F7 /* fftn.c in Sources */,
				7EEF89BE1402695D005D93F7 /* riff.c in Sources */,
				7EEF89C01402695D005D93F7 /* wave.c in Sources */,
				4F03B2EE1402917500FEC9D4 /* SBJSON.m in Sources */,
				4F03B2EF1402917500FEC9D4 /* SBJsonBase.m in Sources */,
				4F03B2F01402917500FEC9D4 /* SBJsonParser.m in Sources */,
				4F03B2F11402917500FEC9D4 /* SBJsonWriter.m in Sources */,
				4F03B2F61402917F00FEC9D4 /* NSObject+SBJSON.m in Sources */,
				4F03B2F71402917F00FEC9D4 /* NSString+SBJSON.m in Sources */,
				7E449FFF1402B4D500B5A7DC /* Util.m in Sources */,
				7E44A0491402BE4700B5A7DC /* dovocode.m in Sources */,
				7E44A0531402C27300B5A7DC /* vocode.m in Sources */,
				4F2045F71417C7100002AC6A /* Contact.m in Sources */,
				4F2045FA1417D2360002AC6A /* chatmodel.xcdatamodeld in Sources */,
				4F74C55914231D9400B97CC3 /* Reachability.m in Sources */,
				4F08E1E514346AB8008DACEE /* SectionHeaderView.m in Sources */,
				4F08E1E81434C7DA008DACEE /* SectionInfo.m in Sources */,
				4F08E1EB1434D1BB008DACEE /* Play.m in Sources */,
				4F08E1F0143542FC008DACEE /* Quotation.m in Sources */,
				7E68D6F91456388100DB3684 /* conv.c in Sources */,
				4F76F5FB145EFB90003E944B /* AddUserViewController.m in Sources */,
				4F76F61A145F073F003E944B /* MenuViewController.m in Sources */,
				4F1BC6A21464FFDF004F02C1 /* VocViewController.m in Sources */,
				4F238A84146AC80C0047EE1B /* Dialog.xcdatamodeld in Sources */,
			);
			runOnlyForDeploymentPostprocessing = 0;
		};
/* End PBXSourcesBuildPhase section */

/* Begin XCBuildConfiguration section */
		1D6058940D05DD3E006BFB54 /* Debug */ = {
			isa = XCBuildConfiguration;
			buildSettings = {
				ALWAYS_SEARCH_USER_PATHS = NO;
				"CODE_SIGN_IDENTITY[sdk=iphoneos*]" = "iPhone Developer: Ray Yu (55P7VD7797)";
				COPY_PHASE_STRIP = NO;
				GCC_DYNAMIC_NO_PIC = NO;
				GCC_OPTIMIZATION_LEVEL = 0;
				GCC_PRECOMPILE_PREFIX_HEADER = YES;
				GCC_PREFIX_HEADER = NavTab_Prefix.pch;
				INFOPLIST_FILE = Info.plist;
				LIBRARY_SEARCH_PATHS = (
					"$(inherited)",
					"\"$(SRCROOT)\"",
				);
				PRODUCT_NAME = NavTab;
				"PROVISIONING_PROFILE[sdk=iphoneos*]" = "B6BFE3F8-6E8D-470D-AEA4-6BA9612ADCA0";
				SDKROOT = iphoneos4.3;
			};
			name = Debug;
		};
		1D6058950D05DD3E006BFB54 /* Release */ = {
			isa = XCBuildConfiguration;
			buildSettings = {
				ALWAYS_SEARCH_USER_PATHS = NO;
				COPY_PHASE_STRIP = YES;
				GCC_PRECOMPILE_PREFIX_HEADER = YES;
				GCC_PREFIX_HEADER = NavTab_Prefix.pch;
				INFOPLIST_FILE = Info.plist;
				LIBRARY_SEARCH_PATHS = (
					"$(inherited)",
					"\"$(SRCROOT)\"",
				);
				PRODUCT_NAME = NavTab;
				SDKROOT = iphoneos4.3;
			};
			name = Release;
		};
		C01FCF4F08A954540054247B /* Debug */ = {
			isa = XCBuildConfiguration;
			buildSettings = {
				ARCHS = "$(ARCHS_STANDARD_32_BIT)";
				CODE_SIGN_IDENTITY = "iPhone Developer: Ray Yu (55P7VD7797)";
				"CODE_SIGN_IDENTITY[sdk=iphoneos*]" = "iPhone Developer: Ray Yu (55P7VD7797)";
				GCC_C_LANGUAGE_STANDARD = c99;
				GCC_WARN_ABOUT_RETURN_TYPE = YES;
				GCC_WARN_UNUSED_VARIABLE = YES;
				"HEADER_SEARCH_PATHS[arch=*]" = "\"$(SOURCE_ROOT)/RestKit/Build\"";
				IPHONEOS_DEPLOYMENT_TARGET = 4.1;
				"LIBRARY_SEARCH_PATHS[arch=*]" = "\"$(SOURCE_ROOT)/RestKit/Build/$(BUILD_STYLE)-$(PLATFORM_NAME)\"";
				ONLY_ACTIVE_ARCH = YES;
				"OTHER_LDFLAGS[arch=*]" = (
					"-ObjC",
					"-all_load",
				);
				PREBINDING = NO;
				PROVISIONING_PROFILE = "B6BFE3F8-6E8D-470D-AEA4-6BA9612ADCA0";
				SDKROOT = iphonesimulator4.0;
			};
			name = Debug;
		};
		C01FCF5008A954540054247B /* Release */ = {
			isa = XCBuildConfiguration;
			buildSettings = {
				ARCHS = "$(ARCHS_STANDARD_32_BIT)";
				CODE_SIGN_IDENTITY = "iPhone Developer: Ray Yu (55P7VD7797)";
				"CODE_SIGN_IDENTITY[sdk=iphoneos*]" = "iPhone Developer";
				GCC_C_LANGUAGE_STANDARD = c99;
				GCC_WARN_ABOUT_RETURN_TYPE = YES;
				GCC_WARN_UNUSED_VARIABLE = YES;
				"HEADER_SEARCH_PATHS[arch=*]" = "\"$(SOURCE_ROOT)/RestKit/Build\"";
				IPHONEOS_DEPLOYMENT_TARGET = 4.1;
				"LIBRARY_SEARCH_PATHS[arch=*]" = "\"$(SOURCE_ROOT)/RestKit/Build/$(BUILD_STYLE)-$(PLATFORM_NAME)\"";
				"OTHER_LDFLAGS[arch=*]" = (
					"-ObjC",
					"-all_load",
				);
				PREBINDING = NO;
				PROVISIONING_PROFILE = "B6BFE3F8-6E8D-470D-AEA4-6BA9612ADCA0";
				SDKROOT = iphoneos4.3;
			};
			name = Release;
		};
/* End XCBuildConfiguration section */

/* Begin XCConfigurationList section */
		1D6058960D05DD3E006BFB54 /* Build configuration list for PBXNativeTarget "NavTab" */ = {
			isa = XCConfigurationList;
			buildConfigurations = (
				1D6058940D05DD3E006BFB54 /* Debug */,
				1D6058950D05DD3E006BFB54 /* Release */,
			);
			defaultConfigurationIsVisible = 0;
			defaultConfigurationName = Release;
		};
		C01FCF4E08A954540054247B /* Build configuration list for PBXProject "NavTab" */ = {
			isa = XCConfigurationList;
			buildConfigurations = (
				C01FCF4F08A954540054247B /* Debug */,
				C01FCF5008A954540054247B /* Release */,
			);
			defaultConfigurationIsVisible = 0;
			defaultConfigurationName = Release;
		};
/* End XCConfigurationList section */

/* Begin XCVersionGroup section */
		4F2045F81417D2360002AC6A /* chatmodel.xcdatamodeld */ = {
			isa = XCVersionGroup;
			children = (
				4F2045F91417D2360002AC6A /* chatmodel.xcdatamodel */,
			);
			currentVersion = 4F2045F91417D2360002AC6A /* chatmodel.xcdatamodel */;
			path = chatmodel.xcdatamodeld;
			sourceTree = "<group>";
			versionGroupType = wrapper.xcdatamodel;
		};
		4F238A82146AC80C0047EE1B /* Dialog.xcdatamodeld */ = {
			isa = XCVersionGroup;
			children = (
				4F238A83146AC80C0047EE1B /* Dialog.xcdatamodel */,
			);
			currentVersion = 4F238A83146AC80C0047EE1B /* Dialog.xcdatamodel */;
			path = Dialog.xcdatamodeld;
			sourceTree = "<group>";
			versionGroupType = wrapper.xcdatamodel;
		};
/* End XCVersionGroup section */
	};
	rootObject = 29B97313FDCFA39411CA2CEA /* Project object */;
}
